
Microsoft Visual Studio Solution File, Format Version 12.00
# Visual Studio Version 16
VisualStudioVersion = 16.0.30011.22
MinimumVisualStudioVersion = 10.0.40219.1
Project("{2150E333-8FDC-42A3-9474-1A3956D46DE8}") = "Infrastructure", "Infrastructure", "{3FFBAC88-1A59-444E-AE53-45EF7269169C}"
EndProject
Project("{2150E333-8FDC-42A3-9474-1A3956D46DE8}") = "Application", "Application", "{EB6BA6A1-C5E2-4295-B79F-6B312EA95D4B}"
EndProject
Project("{9A19103F-16F7-4668-BE54-9A1E7A4F7556}") = "DataManage", "DataManage\DataManage.csproj", "{AAFBA24B-C83F-4AE8-86DC-4F1F797E0B13}"
EndProject
Project("{9A19103F-16F7-4668-BE54-9A1E7A4F7556}") = "WebApi", "WebApi\WebApi.csproj", "{F3D60FB9-FFD9-4727-93FC-395F396C9E90}"
EndProject
Project("{9A19103F-16F7-4668-BE54-9A1E7A4F7556}") = "IdServer", "IdServer\IdServer.csproj", "{0EA10EBE-DFE4-4A7D-9603-FE66AD15C98C}"
EndProject
Project("{2150E333-8FDC-42A3-9474-1A3956D46DE8}") = "Socket", "Socket", "{87ED4898-9FFF-45C8-99EF-7144F2293DDA}"
EndProject
Project("{FAE04EC0-301F-11D3-BF4B-00C04F79EFBC}") = "SClient", "SClient\SClient.csproj", "{90AC88AD-E970-48A2-95D2-10F8FAD3514C}"
EndProject
Project("{FAE04EC0-301F-11D3-BF4B-00C04F79EFBC}") = "SServer", "SServer\SServer.csproj", "{E52D8EA1-3FD1-48D2-9E0E-AB988A2CEFEA}"
EndProject
Project("{2150E333-8FDC-42A3-9474-1A3956D46DE8}") = "PayMent", "PayMent", "{3F97DC13-6DB8-49DB-B3A2-C31859566803}"
EndProject
Project("{FAE04EC0-301F-11D3-BF4B-00C04F79EFBC}") = "AliPayment", "AliPayment\AliPayment.csproj", "{B33D5EF4-7170-43A0-A8D0-F676C148123F}"
EndProject
Project("{9A19103F-16F7-4668-BE54-9A1E7A4F7556}") = "RpcService", "RpcClient\RpcService.csproj", "{DA69511A-1DDE-46DD-984E-834F302A3355}"
EndProject
Project("{9A19103F-16F7-4668-BE54-9A1E7A4F7556}") = "RpcClient", "RpcServer\RpcClient.csproj", "{D3800F86-CAA0-491E-8C1D-F3019D0B9239}"
EndProject
Project("{9A19103F-16F7-4668-BE54-9A1E7A4F7556}") = "RpcWebApi", "RpcWebApi\RpcWebApi.csproj", "{8BA2CEBD-8BDE-4C61-B109-E5142622D34D}"
EndProject
Project("{9A19103F-16F7-4668-BE54-9A1E7A4F7556}") = "WebGateway", "WebGateway\WebGateway.csproj", "{FD2CD4F6-A0DE-4C6A-9404-2DB37506D367}"
EndProject
Project("{9A19103F-16F7-4668-BE54-9A1E7A4F7556}") = "WebClient", "WebClient\WebClient.csproj", "{54D8A807-682E-4B06-9E2C-006837004D47}"
EndProject
Project("{9A19103F-16F7-4668-BE54-9A1E7A4F7556}") = "AbpWebApi", "AbpWebApi\AbpWebApi.csproj", "{CC5BBE51-C328-44A7-BDC7-9A8D913687F0}"
EndProject
Project("{9A19103F-16F7-4668-BE54-9A1E7A4F7556}") = "App.HttpHelper", "App.HttpHelper\App.HttpHelper.csproj", "{5BF6E5F3-6967-4BF7-9128-A33443B39381}"
EndProject
Project("{9A19103F-16F7-4668-BE54-9A1E7A4F7556}") = "App.DBHelper", "App.DBHelper\App.DBHelper.csproj", "{C1E2981C-EBDC-47A5-B7BC-FB8C3DC94D8B}"
EndProject
Project("{9A19103F-16F7-4668-BE54-9A1E7A4F7556}") = "DBAccess", "DBAccess\DBAccess.csproj", "{AEB4D8C2-5EA4-4D67-8FFE-8D07B9BADD74}"
EndProject
Project("{2150E333-8FDC-42A3-9474-1A3956D46DE8}") = "AppBase", "AppBase", "{9C952E64-6255-4715-8D59-E50E0673D874}"
EndProject
Project("{9A19103F-16F7-4668-BE54-9A1E7A4F7556}") = "App.DBModel", "App.DBModel\App.DBModel.csproj", "{05C2A55C-B4D1-4D0D-ABBA-65831497876F}"
EndProject
Project("{FAE04EC0-301F-11D3-BF4B-00C04F79EFBC}") = "CoreWebApp", "CoreWebApp\CoreWebApp.csproj", "{39897C3B-0567-48EC-AACC-2902BBE6C926}"
EndProject
Project("{9A19103F-16F7-4668-BE54-9A1E7A4F7556}") = "App.BaseHelper", "App.BaseHelper\App.BaseHelper.csproj", "{C20548AE-052E-40E3-BFA7-D0440D1BBC2F}"
EndProject
Global
	GlobalSection(SolutionConfigurationPlatforms) = preSolution
		Debug|Any CPU = Debug|Any CPU
		Release|Any CPU = Release|Any CPU
	EndGlobalSection
	GlobalSection(ProjectConfigurationPlatforms) = postSolution
		{AAFBA24B-C83F-4AE8-86DC-4F1F797E0B13}.Debug|Any CPU.ActiveCfg = Debug|Any CPU
		{AAFBA24B-C83F-4AE8-86DC-4F1F797E0B13}.Debug|Any CPU.Build.0 = Debug|Any CPU
		{AAFBA24B-C83F-4AE8-86DC-4F1F797E0B13}.Release|Any CPU.ActiveCfg = Release|Any CPU
		{AAFBA24B-C83F-4AE8-86DC-4F1F797E0B13}.Release|Any CPU.Build.0 = Release|Any CPU
		{F3D60FB9-FFD9-4727-93FC-395F396C9E90}.Debug|Any CPU.ActiveCfg = Debug|Any CPU
		{F3D60FB9-FFD9-4727-93FC-395F396C9E90}.Debug|Any CPU.Build.0 = Debug|Any CPU
		{F3D60FB9-FFD9-4727-93FC-395F396C9E90}.Release|Any CPU.ActiveCfg = Release|Any CPU
		{F3D60FB9-FFD9-4727-93FC-395F396C9E90}.Release|Any CPU.Build.0 = Release|Any CPU
		{0EA10EBE-DFE4-4A7D-9603-FE66AD15C98C}.Debug|Any CPU.ActiveCfg = Debug|Any CPU
		{0EA10EBE-DFE4-4A7D-9603-FE66AD15C98C}.Debug|Any CPU.Build.0 = Debug|Any CPU
		{0EA10EBE-DFE4-4A7D-9603-FE66AD15C98C}.Release|Any CPU.ActiveCfg = Release|Any CPU
		{0EA10EBE-DFE4-4A7D-9603-FE66AD15C98C}.Release|Any CPU.Build.0 = Release|Any CPU
		{90AC88AD-E970-48A2-95D2-10F8FAD3514C}.Debug|Any CPU.ActiveCfg = Debug|Any CPU
		{90AC88AD-E970-48A2-95D2-10F8FAD3514C}.Debug|Any CPU.Build.0 = Debug|Any CPU
		{90AC88AD-E970-48A2-95D2-10F8FAD3514C}.Release|Any CPU.ActiveCfg = Release|Any CPU
		{90AC88AD-E970-48A2-95D2-10F8FAD3514C}.Release|Any CPU.Build.0 = Release|Any CPU
		{E52D8EA1-3FD1-48D2-9E0E-AB988A2CEFEA}.Debug|Any CPU.ActiveCfg = Debug|Any CPU
		{E52D8EA1-3FD1-48D2-9E0E-AB988A2CEFEA}.Debug|Any CPU.Build.0 = Debug|Any CPU
		{E52D8EA1-3FD1-48D2-9E0E-AB988A2CEFEA}.Release|Any CPU.ActiveCfg = Release|Any CPU
		{E52D8EA1-3FD1-48D2-9E0E-AB988A2CEFEA}.Release|Any CPU.Build.0 = Release|Any CPU
		{B33D5EF4-7170-43A0-A8D0-F676C148123F}.Debug|Any CPU.ActiveCfg = Debug|Any CPU
		{B33D5EF4-7170-43A0-A8D0-F676C148123F}.Debug|Any CPU.Build.0 = Debug|Any CPU
		{B33D5EF4-7170-43A0-A8D0-F676C148123F}.Release|Any CPU.ActiveCfg = Release|Any CPU
		{B33D5EF4-7170-43A0-A8D0-F676C148123F}.Release|Any CPU.Build.0 = Release|Any CPU
		{DA69511A-1DDE-46DD-984E-834F302A3355}.Debug|Any CPU.ActiveCfg = Debug|Any CPU
		{DA69511A-1DDE-46DD-984E-834F302A3355}.Debug|Any CPU.Build.0 = Debug|Any CPU
		{DA69511A-1DDE-46DD-984E-834F302A3355}.Release|Any CPU.ActiveCfg = Release|Any CPU
		{DA69511A-1DDE-46DD-984E-834F302A3355}.Release|Any CPU.Build.0 = Release|Any CPU
		{D3800F86-CAA0-491E-8C1D-F3019D0B9239}.Debug|Any CPU.ActiveCfg = Debug|Any CPU
		{D3800F86-CAA0-491E-8C1D-F3019D0B9239}.Debug|Any CPU.Build.0 = Debug|Any CPU
		{D3800F86-CAA0-491E-8C1D-F3019D0B9239}.Release|Any CPU.ActiveCfg = Release|Any CPU
		{D3800F86-CAA0-491E-8C1D-F3019D0B9239}.Release|Any CPU.Build.0 = Release|Any CPU
		{8BA2CEBD-8BDE-4C61-B109-E5142622D34D}.Debug|Any CPU.ActiveCfg = Debug|Any CPU
		{8BA2CEBD-8BDE-4C61-B109-E5142622D34D}.Debug|Any CPU.Build.0 = Debug|Any CPU
		{8BA2CEBD-8BDE-4C61-B109-E5142622D34D}.Release|Any CPU.ActiveCfg = Release|Any CPU
		{8BA2CEBD-8BDE-4C61-B109-E5142622D34D}.Release|Any CPU.Build.0 = Release|Any CPU
		{FD2CD4F6-A0DE-4C6A-9404-2DB37506D367}.Debug|Any CPU.ActiveCfg = Debug|Any CPU
		{FD2CD4F6-A0DE-4C6A-9404-2DB37506D367}.Debug|Any CPU.Build.0 = Debug|Any CPU
		{FD2CD4F6-A0DE-4C6A-9404-2DB37506D367}.Release|Any CPU.ActiveCfg = Release|Any CPU
		{FD2CD4F6-A0DE-4C6A-9404-2DB37506D367}.Release|Any CPU.Build.0 = Release|Any CPU
		{54D8A807-682E-4B06-9E2C-006837004D47}.Debug|Any CPU.ActiveCfg = Debug|Any CPU
		{54D8A807-682E-4B06-9E2C-006837004D47}.Debug|Any CPU.Build.0 = Debug|Any CPU
		{54D8A807-682E-4B06-9E2C-006837004D47}.Release|Any CPU.ActiveCfg = Release|Any CPU
		{54D8A807-682E-4B06-9E2C-006837004D47}.Release|Any CPU.Build.0 = Release|Any CPU
		{CC5BBE51-C328-44A7-BDC7-9A8D913687F0}.Debug|Any CPU.ActiveCfg = Debug|Any CPU
		{CC5BBE51-C328-44A7-BDC7-9A8D913687F0}.Debug|Any CPU.Build.0 = Debug|Any CPU
		{CC5BBE51-C328-44A7-BDC7-9A8D913687F0}.Release|Any CPU.ActiveCfg = Release|Any CPU
		{CC5BBE51-C328-44A7-BDC7-9A8D913687F0}.Release|Any CPU.Build.0 = Release|Any CPU
		{5BF6E5F3-6967-4BF7-9128-A33443B39381}.Debug|Any CPU.ActiveCfg = Debug|Any CPU
		{5BF6E5F3-6967-4BF7-9128-A33443B39381}.Debug|Any CPU.Build.0 = Debug|Any CPU
		{5BF6E5F3-6967-4BF7-9128-A33443B39381}.Release|Any CPU.ActiveCfg = Release|Any CPU
		{5BF6E5F3-6967-4BF7-9128-A33443B39381}.Release|Any CPU.Build.0 = Release|Any CPU
		{C1E2981C-EBDC-47A5-B7BC-FB8C3DC94D8B}.Debug|Any CPU.ActiveCfg = Debug|Any CPU
		{C1E2981C-EBDC-47A5-B7BC-FB8C3DC94D8B}.Debug|Any CPU.Build.0 = Debug|Any CPU
		{C1E2981C-EBDC-47A5-B7BC-FB8C3DC94D8B}.Release|Any CPU.ActiveCfg = Release|Any CPU
		{C1E2981C-EBDC-47A5-B7BC-FB8C3DC94D8B}.Release|Any CPU.Build.0 = Release|Any CPU
		{AEB4D8C2-5EA4-4D67-8FFE-8D07B9BADD74}.Debug|Any CPU.ActiveCfg = Debug|Any CPU
		{AEB4D8C2-5EA4-4D67-8FFE-8D07B9BADD74}.Debug|Any CPU.Build.0 = Debug|Any CPU
		{AEB4D8C2-5EA4-4D67-8FFE-8D07B9BADD74}.Release|Any CPU.ActiveCfg = Release|Any CPU
		{AEB4D8C2-5EA4-4D67-8FFE-8D07B9BADD74}.Release|Any CPU.Build.0 = Release|Any CPU
		{05C2A55C-B4D1-4D0D-ABBA-65831497876F}.Debug|Any CPU.ActiveCfg = Debug|Any CPU
		{05C2A55C-B4D1-4D0D-ABBA-65831497876F}.Debug|Any CPU.Build.0 = Debug|Any CPU
		{05C2A55C-B4D1-4D0D-ABBA-65831497876F}.Release|Any CPU.ActiveCfg = Release|Any CPU
		{05C2A55C-B4D1-4D0D-ABBA-65831497876F}.Release|Any CPU.Build.0 = Release|Any CPU
		{39897C3B-0567-48EC-AACC-2902BBE6C926}.Debug|Any CPU.ActiveCfg = Debug|Any CPU
		{39897C3B-0567-48EC-AACC-2902BBE6C926}.Debug|Any CPU.Build.0 = Debug|Any CPU
		{39897C3B-0567-48EC-AACC-2902BBE6C926}.Release|Any CPU.ActiveCfg = Release|Any CPU
		{39897C3B-0567-48EC-AACC-2902BBE6C926}.Release|Any CPU.Build.0 = Release|Any CPU
		{C20548AE-052E-40E3-BFA7-D0440D1BBC2F}.Debug|Any CPU.ActiveCfg = Debug|Any CPU
		{C20548AE-052E-40E3-BFA7-D0440D1BBC2F}.Debug|Any CPU.Build.0 = Debug|Any CPU
		{C20548AE-052E-40E3-BFA7-D0440D1BBC2F}.Release|Any CPU.ActiveCfg = Release|Any CPU
		{C20548AE-052E-40E3-BFA7-D0440D1BBC2F}.Release|Any CPU.Build.0 = Release|Any CPU
	EndGlobalSection
	GlobalSection(SolutionProperties) = preSolution
		HideSolutionNode = FALSE
	EndGlobalSection
	GlobalSection(NestedProjects) = preSolution
		{AAFBA24B-C83F-4AE8-86DC-4F1F797E0B13} = {3FFBAC88-1A59-444E-AE53-45EF7269169C}
		{F3D60FB9-FFD9-4727-93FC-395F396C9E90} = {EB6BA6A1-C5E2-4295-B79F-6B312EA95D4B}
		{0EA10EBE-DFE4-4A7D-9603-FE66AD15C98C} = {EB6BA6A1-C5E2-4295-B79F-6B312EA95D4B}
		{90AC88AD-E970-48A2-95D2-10F8FAD3514C} = {87ED4898-9FFF-45C8-99EF-7144F2293DDA}
		{E52D8EA1-3FD1-48D2-9E0E-AB988A2CEFEA} = {87ED4898-9FFF-45C8-99EF-7144F2293DDA}
		{B33D5EF4-7170-43A0-A8D0-F676C148123F} = {3F97DC13-6DB8-49DB-B3A2-C31859566803}
		{DA69511A-1DDE-46DD-984E-834F302A3355} = {87ED4898-9FFF-45C8-99EF-7144F2293DDA}
		{D3800F86-CAA0-491E-8C1D-F3019D0B9239} = {87ED4898-9FFF-45C8-99EF-7144F2293DDA}
		{8BA2CEBD-8BDE-4C61-B109-E5142622D34D} = {EB6BA6A1-C5E2-4295-B79F-6B312EA95D4B}
		{FD2CD4F6-A0DE-4C6A-9404-2DB37506D367} = {EB6BA6A1-C5E2-4295-B79F-6B312EA95D4B}
		{54D8A807-682E-4B06-9E2C-006837004D47} = {EB6BA6A1-C5E2-4295-B79F-6B312EA95D4B}
		{CC5BBE51-C328-44A7-BDC7-9A8D913687F0} = {EB6BA6A1-C5E2-4295-B79F-6B312EA95D4B}
		{5BF6E5F3-6967-4BF7-9128-A33443B39381} = {3FFBAC88-1A59-444E-AE53-45EF7269169C}
		{C1E2981C-EBDC-47A5-B7BC-FB8C3DC94D8B} = {3FFBAC88-1A59-444E-AE53-45EF7269169C}
		{AEB4D8C2-5EA4-4D67-8FFE-8D07B9BADD74} = {9C952E64-6255-4715-8D59-E50E0673D874}
		{05C2A55C-B4D1-4D0D-ABBA-65831497876F} = {9C952E64-6255-4715-8D59-E50E0673D874}
		{39897C3B-0567-48EC-AACC-2902BBE6C926} = {EB6BA6A1-C5E2-4295-B79F-6B312EA95D4B}
		{C20548AE-052E-40E3-BFA7-D0440D1BBC2F} = {3FFBAC88-1A59-444E-AE53-45EF7269169C}
	EndGlobalSection
	GlobalSection(ExtensibilityGlobals) = postSolution
		SolutionGuid = {4BD91699-4C6B-4AD3-9572-F5FAFF89F6E6}
	EndGlobalSection
EndGlobal
